
Microsoft Visual Studio Solution File, Format Version 12.00
# Visual Studio Version 17
VisualStudioVersion = 17.0.31912.275
MinimumVisualStudioVersion = 10.0.40219.1
Project("{9A19103F-16F7-4668-BE54-9A1E7A4F7556}") = "Admin", "Admin\Admin.csproj", "{D0A9B1AD-C731-47B3-B2C5-3FE008FEDC55}"
EndProject
Project("{9A19103F-16F7-4668-BE54-9A1E7A4F7556}") = "Core", "Core\Core.csproj", "{00B7767A-C66B-4D3E-BC5A-4F4E937743D8}"
EndProject
Project("{9A19103F-16F7-4668-BE54-9A1E7A4F7556}") = "Api", "Api\Api.csproj", "{7B5FEA9F-D1E7-4E1B-9EE5-817D6B10274E}"
EndProject
Project("{9A19103F-16F7-4668-BE54-9A1E7A4F7556}") = "Core.NUnitTest", "Core.NUnitTest\Core.NUnitTest.csproj", "{363B83CC-7AA1-4A39-9D29-14747746898B}"
EndProject
Global
	GlobalSection(SolutionConfigurationPlatforms) = preSolution
		Debug|Any CPU = Debug|Any CPU
		Release|Any CPU = Release|Any CPU
	EndGlobalSection
	GlobalSection(ProjectConfigurationPlatforms) = postSolution
		{D0A9B1AD-C731-47B3-B2C5-3FE008FEDC55}.Debug|Any CPU.ActiveCfg = Debug|Any CPU
		{D0A9B1AD-C731-47B3-B2C5-3FE008FEDC55}.Debug|Any CPU.Build.0 = Debug|Any CPU
		{D0A9B1AD-C731-47B3-B2C5-3FE008FEDC55}.Release|Any CPU.ActiveCfg = Release|Any CPU
		{D0A9B1AD-C731-47B3-B2C5-3FE008FEDC55}.Release|Any CPU.Build.0 = Release|Any CPU
		{00B7767A-C66B-4D3E-BC5A-4F4E937743D8}.Debug|Any CPU.ActiveCfg = Debug|Any CPU
		{00B7767A-C66B-4D3E-BC5A-4F4E937743D8}.Debug|Any CPU.Build.0 = Debug|Any CPU
		{00B7767A-C66B-4D3E-BC5A-4F4E937743D8}.Release|Any CPU.ActiveCfg = Release|Any CPU
		{00B7767A-C66B-4D3E-BC5A-4F4E937743D8}.Release|Any CPU.Build.0 = Release|Any CPU
		{7B5FEA9F-D1E7-4E1B-9EE5-817D6B10274E}.Debug|Any CPU.ActiveCfg = Debug|Any CPU
		{7B5FEA9F-D1E7-4E1B-9EE5-817D6B10274E}.Debug|Any CPU.Build.0 = Debug|Any CPU
		{7B5FEA9F-D1E7-4E1B-9EE5-817D6B10274E}.Release|Any CPU.ActiveCfg = Release|Any CPU
		{7B5FEA9F-D1E7-4E1B-9EE5-817D6B10274E}.Release|Any CPU.Build.0 = Release|Any CPU
		{363B83CC-7AA1-4A39-9D29-14747746898B}.Debug|Any CPU.ActiveCfg = Debug|Any CPU
		{363B83CC-7AA1-4A39-9D29-14747746898B}.Debug|Any CPU.Build.0 = Debug|Any CPU
		{363B83CC-7AA1-4A39-9D29-14747746898B}.Release|Any CPU.ActiveCfg = Release|Any CPU
		{363B83CC-7AA1-4A39-9D29-14747746898B}.Release|Any CPU.Build.0 = Release|Any CPU
	EndGlobalSection
	GlobalSection(SolutionProperties) = preSolution
		HideSolutionNode = FALSE
	EndGlobalSection
	GlobalSection(ExtensibilityGlobals) = postSolution
		SolutionGuid = {03F11928-8584-4177-B0F1-B5CF0E67E991}
	EndGlobalSection
EndGlobal
